
Microsoft Visual Studio Solution File, Format Version 12.00
# Visual Studio Version 17
VisualStudioVersion = 17.14.36414.22
MinimumVisualStudioVersion = 10.0.40219.1
Project("{FAE04EC0-301F-11D3-BF4B-00C04F79EFBC}") = "Rhino.Inside.AutoCAD.Core", "src\Rhino.Inside.AutoCAD.Core\Rhino.Inside.AutoCAD.Core.csproj", "{13D011AA-FCB4-45CF-B5C0-37830CAB6CE4}"
EndProject
Project("{FAE04EC0-301F-11D3-BF4B-00C04F79EFBC}") = "Rhino.Inside.AutoCAD.Services", "src\Rhino.Inside.AutoCAD.Services\Rhino.Inside.AutoCAD.Services.csproj", "{31619DE2-D64B-4522-900A-EA1D3CBB3D2D}"
EndProject
Project("{2150E333-8FDC-42A3-9474-1A3956D46DE8}") = "Solution Items", "Solution Items", "{8EC462FD-D22E-90A8-E5CE-7E832BA40C5D}"
	ProjectSection(SolutionItems) = preProject
		Directory.Build.props = Directory.Build.props
		Directory.Packages.props = Directory.Packages.props
		metadata.json = metadata.json
	EndProjectSection
EndProject
Project("{2150E333-8FDC-42A3-9474-1A3956D46DE8}") = "Core", "Core", "{02EA681E-C7D8-13C7-8484-4AC65E1B71E8}"
EndProject
Project("{2150E333-8FDC-42A3-9474-1A3956D46DE8}") = "Infrastructure", "Infrastructure", "{0D83A068-B3CA-40B4-9D3F-29C606187B29}"
EndProject
Project("{2150E333-8FDC-42A3-9474-1A3956D46DE8}") = "Addin", "Addin", "{F8CB093E-DF86-4EE7-BA3F-232FE117E29F}"
EndProject
Project("{FAE04EC0-301F-11D3-BF4B-00C04F79EFBC}") = "Rhino.Inside.AutoCAD.Applications", "src\Rhino.Inside.AutoCAD.Applications\Rhino.Inside.AutoCAD.Applications.csproj", "{4866692B-5097-4E39-AF95-6A648CD2A0E7}"
EndProject
Project("{FAE04EC0-301F-11D3-BF4B-00C04F79EFBC}") = "Rhino.Inside.AutoCAD.Interop", "src\Rhino.Inside.AutoCAD.Interop\Rhino.Inside.AutoCAD.Interop.csproj", "{168DEF9F-471F-4D9A-8001-A642669930A9}"
EndProject
Project("{FAE04EC0-301F-11D3-BF4B-00C04F79EFBC}") = "Rhino.Inside.AutoCAD.UI.Resources", "src\Rhino.Inside.AutoCAD.UI.Resources\Rhino.Inside.AutoCAD.UI.Resources.csproj", "{532E7BB8-BCF9-4CD3-8358-4437A4D55458}"
EndProject
Project("{FAE04EC0-301F-11D3-BF4B-00C04F79EFBC}") = "Rhino.Inside.AutoCAD.GrasshopperLibrary", "src\Rhino.Inside.AutoCAD.GrasshopperLibrary\Rhino.Inside.AutoCAD.GrasshopperLibrary.csproj", "{3CD2F4BD-95D6-46BB-89F0-196D40E1A4FB}"
EndProject
Project("{2150E333-8FDC-42A3-9474-1A3956D46DE8}") = "Deployment", "Deployment", "{D7FCF627-5ECE-4E9E-BF61-167B4ABEF51E}"
EndProject
Project("{B7DD6F7E-DEF8-4E67-B5B7-07EF123DB6F0}") = "Rhino.Inside.AutoCAD.Installer", "src\Rhino.Inside.AutoCAD.Installer\Rhino.Inside.AutoCAD.Installer.wixproj", "{BEC51EFB-0B32-4886-A142-B35BA3A78FEC}"
EndProject
Project("{FAE04EC0-301F-11D3-BF4B-00C04F79EFBC}") = "Rhino.Inside.AutoCAD.Civil.GrasshopperLibrary", "src\Rhino.Inside.AutoCAD.Civil.GrasshopperLibrary\Rhino.Inside.AutoCAD.Civil.GrasshopperLibrary.csproj", "{BD1BF231-7BE2-9885-233D-C12937B51E7B}"
EndProject
Project("{FAE04EC0-301F-11D3-BF4B-00C04F79EFBC}") = "Rhino.Inside.AutoCAD.Civil.Interop", "src\Rhino.Inside.AutoCAD.Civil.Interop\Rhino.Inside.AutoCAD.Civil.Interop.csproj", "{F4A5DAF6-E4F4-4CD3-A101-C3328F24E6C7}"
EndProject
Global
	GlobalSection(SolutionConfigurationPlatforms) = preSolution
		Debug|Any CPU = Debug|Any CPU
		Debug|x64 = Debug|x64
		DebugNET8|Any CPU = DebugNET8|Any CPU
		DebugNET8|x64 = DebugNET8|x64
		Release|Any CPU = Release|Any CPU
		Release|x64 = Release|x64
		ReleaseNET8|Any CPU = ReleaseNET8|Any CPU
		ReleaseNET8|x64 = ReleaseNET8|x64
	EndGlobalSection
	GlobalSection(ProjectConfigurationPlatforms) = postSolution
		{13D011AA-FCB4-45CF-B5C0-37830CAB6CE4}.Debug|Any CPU.ActiveCfg = Debug|Any CPU
		{13D011AA-FCB4-45CF-B5C0-37830CAB6CE4}.Debug|Any CPU.Build.0 = Debug|Any CPU
		{13D011AA-FCB4-45CF-B5C0-37830CAB6CE4}.Debug|x64.ActiveCfg = Debug|Any CPU
		{13D011AA-FCB4-45CF-B5C0-37830CAB6CE4}.Debug|x64.Build.0 = Debug|Any CPU
		{13D011AA-FCB4-45CF-B5C0-37830CAB6CE4}.DebugNET8|Any CPU.ActiveCfg = DebugNET8|Any CPU
		{13D011AA-FCB4-45CF-B5C0-37830CAB6CE4}.DebugNET8|Any CPU.Build.0 = DebugNET8|Any CPU
		{13D011AA-FCB4-45CF-B5C0-37830CAB6CE4}.DebugNET8|x64.ActiveCfg = DebugNET8|Any CPU
		{13D011AA-FCB4-45CF-B5C0-37830CAB6CE4}.DebugNET8|x64.Build.0 = DebugNET8|Any CPU
		{13D011AA-FCB4-45CF-B5C0-37830CAB6CE4}.Release|Any CPU.ActiveCfg = Release|Any CPU
		{13D011AA-FCB4-45CF-B5C0-37830CAB6CE4}.Release|Any CPU.Build.0 = Release|Any CPU
		{13D011AA-FCB4-45CF-B5C0-37830CAB6CE4}.Release|x64.ActiveCfg = Release|Any CPU
		{13D011AA-FCB4-45CF-B5C0-37830CAB6CE4}.Release|x64.Build.0 = Release|Any CPU
		{13D011AA-FCB4-45CF-B5C0-37830CAB6CE4}.ReleaseNET8|Any CPU.ActiveCfg = ReleaseNET8|Any CPU
		{13D011AA-FCB4-45CF-B5C0-37830CAB6CE4}.ReleaseNET8|Any CPU.Build.0 = ReleaseNET8|Any CPU
		{13D011AA-FCB4-45CF-B5C0-37830CAB6CE4}.ReleaseNET8|x64.ActiveCfg = ReleaseNET8|Any CPU
		{13D011AA-FCB4-45CF-B5C0-37830CAB6CE4}.ReleaseNET8|x64.Build.0 = ReleaseNET8|Any CPU
		{31619DE2-D64B-4522-900A-EA1D3CBB3D2D}.Debug|Any CPU.ActiveCfg = Debug|Any CPU
		{31619DE2-D64B-4522-900A-EA1D3CBB3D2D}.Debug|Any CPU.Build.0 = Debug|Any CPU
		{31619DE2-D64B-4522-900A-EA1D3CBB3D2D}.Debug|x64.ActiveCfg = Debug|Any CPU
		{31619DE2-D64B-4522-900A-EA1D3CBB3D2D}.Debug|x64.Build.0 = Debug|Any CPU
		{31619DE2-D64B-4522-900A-EA1D3CBB3D2D}.DebugNET8|Any CPU.ActiveCfg = DebugNET8|Any CPU
		{31619DE2-D64B-4522-900A-EA1D3CBB3D2D}.DebugNET8|Any CPU.Build.0 = DebugNET8|Any CPU
		{31619DE2-D64B-4522-900A-EA1D3CBB3D2D}.DebugNET8|x64.ActiveCfg = DebugNET8|Any CPU
		{31619DE2-D64B-4522-900A-EA1D3CBB3D2D}.DebugNET8|x64.Build.0 = DebugNET8|Any CPU
		{31619DE2-D64B-4522-900A-EA1D3CBB3D2D}.Release|Any CPU.ActiveCfg = Release|Any CPU
		{31619DE2-D64B-4522-900A-EA1D3CBB3D2D}.Release|Any CPU.Build.0 = Release|Any CPU
		{31619DE2-D64B-4522-900A-EA1D3CBB3D2D}.Release|x64.ActiveCfg = Release|Any CPU
		{31619DE2-D64B-4522-900A-EA1D3CBB3D2D}.Release|x64.Build.0 = Release|Any CPU
		{31619DE2-D64B-4522-900A-EA1D3CBB3D2D}.ReleaseNET8|Any CPU.ActiveCfg = ReleaseNET8|Any CPU
		{31619DE2-D64B-4522-900A-EA1D3CBB3D2D}.ReleaseNET8|Any CPU.Build.0 = ReleaseNET8|Any CPU
		{31619DE2-D64B-4522-900A-EA1D3CBB3D2D}.ReleaseNET8|x64.ActiveCfg = ReleaseNET8|Any CPU
		{31619DE2-D64B-4522-900A-EA1D3CBB3D2D}.ReleaseNET8|x64.Build.0 = ReleaseNET8|Any CPU
		{4866692B-5097-4E39-AF95-6A648CD2A0E7}.Debug|Any CPU.ActiveCfg = Debug|Any CPU
		{4866692B-5097-4E39-AF95-6A648CD2A0E7}.Debug|Any CPU.Build.0 = Debug|Any CPU
		{4866692B-5097-4E39-AF95-6A648CD2A0E7}.Debug|x64.ActiveCfg = Debug|Any CPU
		{4866692B-5097-4E39-AF95-6A648CD2A0E7}.Debug|x64.Build.0 = Debug|Any CPU
		{4866692B-5097-4E39-AF95-6A648CD2A0E7}.DebugNET8|Any CPU.ActiveCfg = DebugNET8|Any CPU
		{4866692B-5097-4E39-AF95-6A648CD2A0E7}.DebugNET8|Any CPU.Build.0 = DebugNET8|Any CPU
		{4866692B-5097-4E39-AF95-6A648CD2A0E7}.DebugNET8|x64.ActiveCfg = DebugNET8|Any CPU
		{4866692B-5097-4E39-AF95-6A648CD2A0E7}.DebugNET8|x64.Build.0 = DebugNET8|Any CPU
		{4866692B-5097-4E39-AF95-6A648CD2A0E7}.Release|Any CPU.ActiveCfg = Release|Any CPU
		{4866692B-5097-4E39-AF95-6A648CD2A0E7}.Release|Any CPU.Build.0 = Release|Any CPU
		{4866692B-5097-4E39-AF95-6A648CD2A0E7}.Release|x64.ActiveCfg = Release|Any CPU
		{4866692B-5097-4E39-AF95-6A648CD2A0E7}.Release|x64.Build.0 = Release|Any CPU
		{4866692B-5097-4E39-AF95-6A648CD2A0E7}.ReleaseNET8|Any CPU.ActiveCfg = ReleaseNET8|Any CPU
		{4866692B-5097-4E39-AF95-6A648CD2A0E7}.ReleaseNET8|Any CPU.Build.0 = ReleaseNET8|Any CPU
		{4866692B-5097-4E39-AF95-6A648CD2A0E7}.ReleaseNET8|x64.ActiveCfg = ReleaseNET8|Any CPU
		{4866692B-5097-4E39-AF95-6A648CD2A0E7}.ReleaseNET8|x64.Build.0 = ReleaseNET8|Any CPU
		{168DEF9F-471F-4D9A-8001-A642669930A9}.Debug|Any CPU.ActiveCfg = Debug|Any CPU
		{168DEF9F-471F-4D9A-8001-A642669930A9}.Debug|Any CPU.Build.0 = Debug|Any CPU
		{168DEF9F-471F-4D9A-8001-A642669930A9}.Debug|x64.ActiveCfg = Debug|Any CPU
		{168DEF9F-471F-4D9A-8001-A642669930A9}.Debug|x64.Build.0 = Debug|Any CPU
		{168DEF9F-471F-4D9A-8001-A642669930A9}.DebugNET8|Any CPU.ActiveCfg = DebugNET8|Any CPU
		{168DEF9F-471F-4D9A-8001-A642669930A9}.DebugNET8|Any CPU.Build.0 = DebugNET8|Any CPU
		{168DEF9F-471F-4D9A-8001-A642669930A9}.DebugNET8|x64.ActiveCfg = DebugNET8|Any CPU
		{168DEF9F-471F-4D9A-8001-A642669930A9}.DebugNET8|x64.Build.0 = DebugNET8|Any CPU
		{168DEF9F-471F-4D9A-8001-A642669930A9}.Release|Any CPU.ActiveCfg = Release|Any CPU
		{168DEF9F-471F-4D9A-8001-A642669930A9}.Release|Any CPU.Build.0 = Release|Any CPU
		{168DEF9F-471F-4D9A-8001-A642669930A9}.Release|x64.ActiveCfg = Release|Any CPU
		{168DEF9F-471F-4D9A-8001-A642669930A9}.Release|x64.Build.0 = Release|Any CPU
		{168DEF9F-471F-4D9A-8001-A642669930A9}.ReleaseNET8|Any CPU.ActiveCfg = ReleaseNET8|Any CPU
		{168DEF9F-471F-4D9A-8001-A642669930A9}.ReleaseNET8|Any CPU.Build.0 = ReleaseNET8|Any CPU
		{168DEF9F-471F-4D9A-8001-A642669930A9}.ReleaseNET8|x64.ActiveCfg = ReleaseNET8|Any CPU
		{168DEF9F-471F-4D9A-8001-A642669930A9}.ReleaseNET8|x64.Build.0 = ReleaseNET8|Any CPU
		{532E7BB8-BCF9-4CD3-8358-4437A4D55458}.Debug|Any CPU.ActiveCfg = Debug|Any CPU
		{532E7BB8-BCF9-4CD3-8358-4437A4D55458}.Debug|Any CPU.Build.0 = Debug|Any CPU
		{532E7BB8-BCF9-4CD3-8358-4437A4D55458}.Debug|x64.ActiveCfg = Debug|Any CPU
		{532E7BB8-BCF9-4CD3-8358-4437A4D55458}.Debug|x64.Build.0 = Debug|Any CPU
		{532E7BB8-BCF9-4CD3-8358-4437A4D55458}.DebugNET8|Any CPU.ActiveCfg = DebugNET8|Any CPU
		{532E7BB8-BCF9-4CD3-8358-4437A4D55458}.DebugNET8|Any CPU.Build.0 = DebugNET8|Any CPU
		{532E7BB8-BCF9-4CD3-8358-4437A4D55458}.DebugNET8|x64.ActiveCfg = DebugNET8|Any CPU
		{532E7BB8-BCF9-4CD3-8358-4437A4D55458}.DebugNET8|x64.Build.0 = DebugNET8|Any CPU
		{532E7BB8-BCF9-4CD3-8358-4437A4D55458}.Release|Any CPU.ActiveCfg = Release|Any CPU
		{532E7BB8-BCF9-4CD3-8358-4437A4D55458}.Release|Any CPU.Build.0 = Release|Any CPU
		{532E7BB8-BCF9-4CD3-8358-4437A4D55458}.Release|x64.ActiveCfg = Release|Any CPU
		{532E7BB8-BCF9-4CD3-8358-4437A4D55458}.Release|x64.Build.0 = Release|Any CPU
		{532E7BB8-BCF9-4CD3-8358-4437A4D55458}.ReleaseNET8|Any CPU.ActiveCfg = ReleaseNET8|Any CPU
		{532E7BB8-BCF9-4CD3-8358-4437A4D55458}.ReleaseNET8|Any CPU.Build.0 = ReleaseNET8|Any CPU
		{532E7BB8-BCF9-4CD3-8358-4437A4D55458}.ReleaseNET8|x64.ActiveCfg = ReleaseNET8|Any CPU
		{532E7BB8-BCF9-4CD3-8358-4437A4D55458}.ReleaseNET8|x64.Build.0 = ReleaseNET8|Any CPU
		{3CD2F4BD-95D6-46BB-89F0-196D40E1A4FB}.Debug|Any CPU.ActiveCfg = Debug|Any CPU
		{3CD2F4BD-95D6-46BB-89F0-196D40E1A4FB}.Debug|Any CPU.Build.0 = Debug|Any CPU
		{3CD2F4BD-95D6-46BB-89F0-196D40E1A4FB}.Debug|x64.ActiveCfg = Debug|Any CPU
		{3CD2F4BD-95D6-46BB-89F0-196D40E1A4FB}.Debug|x64.Build.0 = Debug|Any CPU
		{3CD2F4BD-95D6-46BB-89F0-196D40E1A4FB}.DebugNET8|Any CPU.ActiveCfg = DebugNET8|Any CPU
		{3CD2F4BD-95D6-46BB-89F0-196D40E1A4FB}.DebugNET8|Any CPU.Build.0 = DebugNET8|Any CPU
		{3CD2F4BD-95D6-46BB-89F0-196D40E1A4FB}.DebugNET8|x64.ActiveCfg = DebugNET8|Any CPU
		{3CD2F4BD-95D6-46BB-89F0-196D40E1A4FB}.DebugNET8|x64.Build.0 = DebugNET8|Any CPU
		{3CD2F4BD-95D6-46BB-89F0-196D40E1A4FB}.Release|Any CPU.ActiveCfg = Release|Any CPU
		{3CD2F4BD-95D6-46BB-89F0-196D40E1A4FB}.Release|Any CPU.Build.0 = Release|Any CPU
		{3CD2F4BD-95D6-46BB-89F0-196D40E1A4FB}.Release|x64.ActiveCfg = Release|Any CPU
		{3CD2F4BD-95D6-46BB-89F0-196D40E1A4FB}.Release|x64.Build.0 = Release|Any CPU
		{3CD2F4BD-95D6-46BB-89F0-196D40E1A4FB}.ReleaseNET8|Any CPU.ActiveCfg = ReleaseNET8|Any CPU
		{3CD2F4BD-95D6-46BB-89F0-196D40E1A4FB}.ReleaseNET8|Any CPU.Build.0 = ReleaseNET8|Any CPU
		{3CD2F4BD-95D6-46BB-89F0-196D40E1A4FB}.ReleaseNET8|x64.ActiveCfg = ReleaseNET8|Any CPU
		{3CD2F4BD-95D6-46BB-89F0-196D40E1A4FB}.ReleaseNET8|x64.Build.0 = ReleaseNET8|Any CPU
		{BEC51EFB-0B32-4886-A142-B35BA3A78FEC}.Debug|Any CPU.ActiveCfg = Debug|x64
		{BEC51EFB-0B32-4886-A142-B35BA3A78FEC}.Debug|x64.ActiveCfg = Debug|x64
		{BEC51EFB-0B32-4886-A142-B35BA3A78FEC}.Debug|x64.Build.0 = Debug|x64
		{BEC51EFB-0B32-4886-A142-B35BA3A78FEC}.DebugNET8|Any CPU.ActiveCfg = DebugNET8|x64
		{BEC51EFB-0B32-4886-A142-B35BA3A78FEC}.DebugNET8|x64.ActiveCfg = DebugNET8|x64
		{BEC51EFB-0B32-4886-A142-B35BA3A78FEC}.Release|Any CPU.ActiveCfg = Release|x64
		{BEC51EFB-0B32-4886-A142-B35BA3A78FEC}.Release|x64.ActiveCfg = Release|x64
		{BEC51EFB-0B32-4886-A142-B35BA3A78FEC}.Release|x64.Build.0 = Release|x64
		{BEC51EFB-0B32-4886-A142-B35BA3A78FEC}.ReleaseNET8|Any CPU.ActiveCfg = ReleaseNET8|x64
		{BEC51EFB-0B32-4886-A142-B35BA3A78FEC}.ReleaseNET8|x64.ActiveCfg = ReleaseNET8|x64
		{BEC51EFB-0B32-4886-A142-B35BA3A78FEC}.ReleaseNET8|x64.Build.0 = ReleaseNET8|x64
		{BD1BF231-7BE2-9885-233D-C12937B51E7B}.Debug|Any CPU.ActiveCfg = Debug|Any CPU
		{BD1BF231-7BE2-9885-233D-C12937B51E7B}.Debug|Any CPU.Build.0 = Debug|Any CPU
		{BD1BF231-7BE2-9885-233D-C12937B51E7B}.Debug|x64.ActiveCfg = Debug|Any CPU
		{BD1BF231-7BE2-9885-233D-C12937B51E7B}.Debug|x64.Build.0 = Debug|Any CPU
		{BD1BF231-7BE2-9885-233D-C12937B51E7B}.DebugNET8|Any CPU.ActiveCfg = DebugNET8|Any CPU
		{BD1BF231-7BE2-9885-233D-C12937B51E7B}.DebugNET8|Any CPU.Build.0 = DebugNET8|Any CPU
		{BD1BF231-7BE2-9885-233D-C12937B51E7B}.DebugNET8|x64.ActiveCfg = DebugNET8|Any CPU
		{BD1BF231-7BE2-9885-233D-C12937B51E7B}.DebugNET8|x64.Build.0 = DebugNET8|Any CPU
		{BD1BF231-7BE2-9885-233D-C12937B51E7B}.Release|Any CPU.ActiveCfg = Release|Any CPU
		{BD1BF231-7BE2-9885-233D-C12937B51E7B}.Release|Any CPU.Build.0 = Release|Any CPU
		{BD1BF231-7BE2-9885-233D-C12937B51E7B}.Release|x64.ActiveCfg = Release|Any CPU
		{BD1BF231-7BE2-9885-233D-C12937B51E7B}.Release|x64.Build.0 = Release|Any CPU
		{BD1BF231-7BE2-9885-233D-C12937B51E7B}.ReleaseNET8|Any CPU.ActiveCfg = ReleaseNET8|Any CPU
		{BD1BF231-7BE2-9885-233D-C12937B51E7B}.ReleaseNET8|Any CPU.Build.0 = ReleaseNET8|Any CPU
		{BD1BF231-7BE2-9885-233D-C12937B51E7B}.ReleaseNET8|x64.ActiveCfg = ReleaseNET8|Any CPU
		{BD1BF231-7BE2-9885-233D-C12937B51E7B}.ReleaseNET8|x64.Build.0 = ReleaseNET8|Any CPU
		{F4A5DAF6-E4F4-4CD3-A101-C3328F24E6C7}.Debug|Any CPU.ActiveCfg = Debug|Any CPU
		{F4A5DAF6-E4F4-4CD3-A101-C3328F24E6C7}.Debug|Any CPU.Build.0 = Debug|Any CPU
		{F4A5DAF6-E4F4-4CD3-A101-C3328F24E6C7}.Debug|x64.ActiveCfg = Debug|Any CPU
		{F4A5DAF6-E4F4-4CD3-A101-C3328F24E6C7}.Debug|x64.Build.0 = Debug|Any CPU
		{F4A5DAF6-E4F4-4CD3-A101-C3328F24E6C7}.DebugNET8|Any CPU.ActiveCfg = DebugNET8|Any CPU
		{F4A5DAF6-E4F4-4CD3-A101-C3328F24E6C7}.DebugNET8|Any CPU.Build.0 = DebugNET8|Any CPU
		{F4A5DAF6-E4F4-4CD3-A101-C3328F24E6C7}.DebugNET8|x64.ActiveCfg = Debug|Any CPU
		{F4A5DAF6-E4F4-4CD3-A101-C3328F24E6C7}.DebugNET8|x64.Build.0 = Debug|Any CPU
		{F4A5DAF6-E4F4-4CD3-A101-C3328F24E6C7}.Release|Any CPU.ActiveCfg = Release|Any CPU
		{F4A5DAF6-E4F4-4CD3-A101-C3328F24E6C7}.Release|Any CPU.Build.0 = Release|Any CPU
		{F4A5DAF6-E4F4-4CD3-A101-C3328F24E6C7}.Release|x64.ActiveCfg = Release|Any CPU
		{F4A5DAF6-E4F4-4CD3-A101-C3328F24E6C7}.Release|x64.Build.0 = Release|Any CPU
		{F4A5DAF6-E4F4-4CD3-A101-C3328F24E6C7}.ReleaseNET8|Any CPU.ActiveCfg = ReleaseNET8|Any CPU
		{F4A5DAF6-E4F4-4CD3-A101-C3328F24E6C7}.ReleaseNET8|Any CPU.Build.0 = ReleaseNET8|Any CPU
		{F4A5DAF6-E4F4-4CD3-A101-C3328F24E6C7}.ReleaseNET8|x64.ActiveCfg = Release|Any CPU
		{F4A5DAF6-E4F4-4CD3-A101-C3328F24E6C7}.ReleaseNET8|x64.Build.0 = Release|Any CPU
	EndGlobalSection
	GlobalSection(SolutionProperties) = preSolution
		HideSolutionNode = FALSE
	EndGlobalSection
	GlobalSection(NestedProjects) = preSolution
		{13D011AA-FCB4-45CF-B5C0-37830CAB6CE4} = {02EA681E-C7D8-13C7-8484-4AC65E1B71E8}
		{31619DE2-D64B-4522-900A-EA1D3CBB3D2D} = {0D83A068-B3CA-40B4-9D3F-29C606187B29}
		{4866692B-5097-4E39-AF95-6A648CD2A0E7} = {F8CB093E-DF86-4EE7-BA3F-232FE117E29F}
		{168DEF9F-471F-4D9A-8001-A642669930A9} = {0D83A068-B3CA-40B4-9D3F-29C606187B29}
		{532E7BB8-BCF9-4CD3-8358-4437A4D55458} = {0D83A068-B3CA-40B4-9D3F-29C606187B29}
		{3CD2F4BD-95D6-46BB-89F0-196D40E1A4FB} = {0D83A068-B3CA-40B4-9D3F-29C606187B29}
		{BEC51EFB-0B32-4886-A142-B35BA3A78FEC} = {D7FCF627-5ECE-4E9E-BF61-167B4ABEF51E}
		{BD1BF231-7BE2-9885-233D-C12937B51E7B} = {0D83A068-B3CA-40B4-9D3F-29C606187B29}
		{F4A5DAF6-E4F4-4CD3-A101-C3328F24E6C7} = {0D83A068-B3CA-40B4-9D3F-29C606187B29}
	EndGlobalSection
	GlobalSection(ExtensibilityGlobals) = postSolution
		SolutionGuid = {DBABC13D-A755-4924-BB40-C06E37A095A0}
	EndGlobalSection
EndGlobal
